# This file is generated by `zrail update`; do not edit by hand.
schema = 1
semantics = 2
producer = "0.0.2"
contract_sha256 = "e866b7dbaabaa5ecf5d97e367a92867bfd19adf6ecf996d2034459f45845c102"
ratchet = []

[[package]]
name = "zcheck"

[[package.dependency]]
alias = "command-group"
name = "command-group"
crate_root = "command_group"
kind = "normal"
scope = "external"
optional = false
default_features = true

[package.dependency.source]
kind = "registry"
requirement = "5.0.1"

[[package.dependency]]
alias = "nix"
name = "nix"
crate_root = "nix"
kind = "normal"
scope = "external"
target = "cfg(unix)"
optional = false
default_features = false
features = ["signal"]

[package.dependency.source]
kind = "registry"
requirement = "0.27.1"

[[package.dependency]]
alias = "serde"
name = "serde"
crate_root = "serde"
kind = "normal"
scope = "external"
optional = false
default_features = true
features = ["derive"]

[package.dependency.source]
kind = "registry"
requirement = "1.0.229"

[[package.dependency]]
alias = "serde_json"
name = "serde_json"
crate_root = "serde_json"
kind = "normal"
scope = "external"
optional = false
default_features = true

[package.dependency.source]
kind = "registry"
requirement = "1.0.151"

[[package.dependency]]
alias = "sha2"
name = "sha2"
crate_root = "sha2"
kind = "normal"
scope = "external"
optional = false
default_features = true

[package.dependency.source]
kind = "registry"
requirement = "0.10.9"

[[package.dependency]]
alias = "signal-hook"
name = "signal-hook"
crate_root = "signal_hook"
kind = "normal"
scope = "external"
optional = false
default_features = false

[package.dependency.source]
kind = "registry"
requirement = "0.4.4"

[[package.dependency]]
alias = "win32job"
name = "win32job"
crate_root = "win32job"
kind = "normal"
scope = "external"
target = "cfg(windows)"
optional = false
default_features = true

[package.dependency.source]
kind = "registry"
requirement = "2.0.3"

[[package.dependency]]
alias = "zcheck-core"
name = "zcheck-core"
crate_root = "zcheck_core"
kind = "normal"
scope = "internal"
optional = false
default_features = true

[package.dependency.source]
kind = "workspace-member"
directory = "crates/zcheck-core"
requirement = "=0.0.2"

[[package.dependency]]
alias = "zcheck-testkit"
name = "zcheck-testkit"
crate_root = "zcheck_testkit"
kind = "development"
scope = "internal"
optional = false
default_features = true

[package.dependency.source]
kind = "workspace-member"
directory = "crates/zcheck-testkit"

[[package]]
name = "zcheck-core"

[[package.dependency]]
alias = "serde"
name = "serde"
crate_root = "serde"
kind = "normal"
scope = "external"
optional = false
default_features = true
features = ["derive"]

[package.dependency.source]
kind = "registry"
requirement = "1.0.229"

[[package.dependency]]
alias = "serde_json"
name = "serde_json"
crate_root = "serde_json"
kind = "normal"
scope = "external"
optional = false
default_features = true

[package.dependency.source]
kind = "registry"
requirement = "1.0.151"

[[package.dependency]]
alias = "toml"
name = "toml"
crate_root = "toml"
kind = "normal"
scope = "external"
optional = false
default_features = true

[package.dependency.source]
kind = "registry"
requirement = "0.9.12"

[[package]]
name = "zcheck-testkit"

[[package.dependency]]
alias = "zcheck-core"
name = "zcheck-core"
crate_root = "zcheck_core"
kind = "development"
scope = "internal"
optional = false
default_features = true

[package.dependency.source]
kind = "workspace-member"
directory = "crates/zcheck-core"
requirement = "=0.0.2"

[[gate]]
name = "architecture-review"
path = ".github/workflows/authority.yml"
sha256 = "a611c21f2f93a9ebbd6ba46ce9c1efc934f999853738696c2ac4ba1371e6d083"

[[gate.input]]
path = ".github/actions/setup-rust/action.yml"
sha256 = "e260d0845a1d394b10c7b1dea7c54de8683a4d5010c2ce07a8423b58c52671de"

[[gate.input]]
path = ".github/actions/setup-zrail/action.yml"
sha256 = "6bf4373888eac85502f326c20018cb260ed5804fefdfa40e0e4474a5c0d53c21"

[[gate]]
name = "check"
path = "zcheck.toml"
sha256 = "dfc8bb437b5a5ce56eee65773366bd2b0181d2a2532242d556954f2a8852bc98"

[[gate.input]]
path = ".github/actions/setup-zcheck/action.yml"
sha256 = "3d1cb45f949d7f5e4d6f2b1c38d7c92aa97a9a6b13ed751290026ca568d99321"

[[gate.input]]
path = ".github/actions/setup-zcheck/install.py"
sha256 = "0f0b47335e157ba14bcb08d31d9ddf7039a21fe82b8cee6d50ec1a2750add1dd"

[[gate.input]]
path = ".github/actions/setup-zcheck/test_install.py"
sha256 = "b59044128bc556366bf8430d92b21e20670f744046cfb1cac4e46b1efc34553f"

[[gate.input]]
path = ".gitignore"
sha256 = "2d19ff967d9f1b4cd54bd289a897c7a9a3308df6a26f27e9925d69a022dd6797"

[[gate.input]]
path = "Cargo.toml"
sha256 = "8874a66c0a6ddadce45384d5035b33611b685afc1fedabded0ebbf5d1cba4434"

[[gate.input]]
path = "clippy.toml"
sha256 = "bd7737a6eab098e1e73a056a576dfe7739bd9997ae4b6c04a932369b0dee491c"

[[gate.input]]
path = "crates/zcheck-cli/Cargo.toml"
sha256 = "43de4016224a7fe645891d8821cf5e54e53e14372a343726aa62bda52cc7b9ff"

[[gate.input]]
path = "crates/zcheck-core/Cargo.toml"
sha256 = "c79589f34530dc66d517dd195ed6a175fdb4b2b9a05c4e4dc59b25bc10ea6da3"

[[gate.input]]
path = "crates/zcheck-core/contracts/schema-1/manifest.toml"
sha256 = "8b22b0a5204c0addbab6b9ad0f8f144fce4edb319a661de8fcf7f091c4185a96"

[[gate.input]]
path = "crates/zcheck-core/contracts/schema-1/plan-linux.json"
sha256 = "1c7a8fe4d20d6e00e4e686395b7c6a78927be94e4821855f3d86790b729610f0"

[[gate.input]]
path = "crates/zcheck-core/contracts/schema-1/receipt.json"
sha256 = "65c81d68c31a830b0b9692e0f527915d214dc882f0c52435af7f5dcbdc516ead"

[[gate.input]]
path = "crates/zcheck-testkit/Cargo.toml"
sha256 = "03005e0679280697db9ef52374f6fb7862693fc9074125a586330afe85af83e4"

[[gate.input]]
path = "docs/schema-1.md"
sha256 = "0f4334c349dfd45173ca9bf4c9fa7740e802f5b5ef9ffe2abfb5a758b57f1685"

[[gate.input]]
path = "rust-toolchain.toml"
sha256 = "279d77167cec5426fa80f457cd066dc74a360fbe4e2816f4f3fa01487a918fdc"

[[gate.input]]
path = "rustfmt.toml"
sha256 = "45e07033c8cd89ed400ee4e96ec608e338e89822233abd6e56c85040ece66520"

[[gate.input]]
path = "scripts/package-check"
sha256 = "74da629d77c1793cb179b7ba26d75eb2376d19c4a63fef5734d20a78a6102827"

[[gate.input]]
path = "scripts/structure-check"
sha256 = "86ac22c9fe0aa93527c45cdc2e06c56e74c2c991c05f549512735c313c0a317d"

[[gate]]
name = "ci"
path = ".github/workflows/ci.yml"
sha256 = "d246178d796815a02aab49159b8a618846ab21890b99435bed816a1d2265f242"

[[gate.input]]
path = ".github/actions/setup-rust/action.yml"
sha256 = "e260d0845a1d394b10c7b1dea7c54de8683a4d5010c2ce07a8423b58c52671de"

[[gate.input]]
path = ".github/actions/setup-zrail/action.yml"
sha256 = "6bf4373888eac85502f326c20018cb260ed5804fefdfa40e0e4474a5c0d53c21"

[[gate]]
name = "release"
path = ".github/workflows/release.yml"
sha256 = "01012ca33c9a3a9c33cd1bd3c834b06e43821e1a67b85f88f7333e2384f5d297"

[[gate.input]]
path = ".github/actions/setup-rust/action.yml"
sha256 = "e260d0845a1d394b10c7b1dea7c54de8683a4d5010c2ce07a8423b58c52671de"

[[gate.input]]
path = ".github/actions/setup-zrail/action.yml"
sha256 = "6bf4373888eac85502f326c20018cb260ed5804fefdfa40e0e4474a5c0d53c21"

[[gate.input]]
path = "CHANGELOG.md"
sha256 = "9ccccc276f283917f10f3313e7b423d105fae866e40e47af358b585e6527d142"

[[gate.input]]
path = "Cargo.toml"
sha256 = "8874a66c0a6ddadce45384d5035b33611b685afc1fedabded0ebbf5d1cba4434"

[[gate.input]]
path = "LICENSE"
sha256 = "cfc7749b96f63bd31c3c42b5c471bf756814053e847c10f3eb003417bc523d30"

[[gate.input]]
path = "README.md"
sha256 = "99ef22b6db70c2ff8a1161d8409266daaace1215ed36e98ccd2ce35480038649"

[[gate.input]]
path = "scripts/package-release.py"
sha256 = "a7bf455e6b1d84b6e07e152b0bb0791161799beb961fd62be7aa76e4dae10661"

[[gate.input]]
path = "scripts/release-notes.py"
sha256 = "d137393d9f64f696b359e603ef266f859fdba180ff59ab075960ccbe4a93ecb4"

[[gate]]
name = "security"
path = ".github/workflows/security.yml"
sha256 = "ef54a84adb9c0b09bfad455de6b1f602667212f46ca7a318892f495f814105ec"

[[gate.input]]
path = ".github/actions/setup-rust/action.yml"
sha256 = "e260d0845a1d394b10c7b1dea7c54de8683a4d5010c2ce07a8423b58c52671de"
